
Microsoft Visual Studio Solution File, Format Version 12.00
# Visual Studio Version 17
VisualStudioVersion = 17.8.34511.84
MinimumVisualStudioVersion = 10.0.40219.1
Project("{FAE04EC0-301F-11D3-BF4B-00C04F79EFBC}") = "delaem_delae", "delaem_delae\delaem_delae.csproj", "{6ACE35CD-FC27-4072-B01E-DF5CCF62C3B0}"
EndProject
Global
	GlobalSection(SolutionConfigurationPlatforms) = preSolution
		Debug|Any CPU = Debug|Any CPU
		Release|Any CPU = Release|Any CPU
	EndGlobalSection
	GlobalSection(ProjectConfigurationPlatforms) = postSolution
		{6ACE35CD-FC27-4072-B01E-DF5CCF62C3B0}.Debug|Any CPU.ActiveCfg = Debug|Any CPU
		{6ACE35CD-FC27-4072-B01E-DF5CCF62C3B0}.Debug|Any CPU.Build.0 = Debug|Any CPU
		{6ACE35CD-FC27-4072-B01E-DF5CCF62C3B0}.Release|Any CPU.ActiveCfg = Release|Any CPU
		{6ACE35CD-FC27-4072-B01E-DF5CCF62C3B0}.Release|Any CPU.Build.0 = Release|Any CPU
	EndGlobalSection
	GlobalSection(SolutionProperties) = preSolution
		HideSolutionNode = FALSE
	EndGlobalSection
	GlobalSection(ExtensibilityGlobals) = postSolution
		SolutionGuid = {D0675D88-FDDD-4F48-B6E5-FF757EFC7963}
	EndGlobalSection
EndGlobal
